
Microsoft Visual Studio Solution File, Format Version 12.00
# Visual Studio 15
Project("{FAE04EC0-301F-11D3-BF4B-00C04F79EFBC}") = "Assembly-CSharp", "Assembly-CSharp.csproj", "{FCE3D6AA-57AD-E13F-04F4-F78EB478B32A}"
EndProject
Global
	GlobalSection(SolutionConfigurationPlatforms) = preSolution
		Debug|Any CPU = Debug|Any CPU
		Release|Any CPU = Release|Any CPU
	EndGlobalSection
	GlobalSection(ProjectConfigurationPlatforms) = postSolution
		{FCE3D6AA-57AD-E13F-04F4-F78EB478B32A}.Debug|Any CPU.ActiveCfg = Debug|Any CPU
		{FCE3D6AA-57AD-E13F-04F4-F78EB478B32A}.Debug|Any CPU.Build.0 = Debug|Any CPU
		{FCE3D6AA-57AD-E13F-04F4-F78EB478B32A}.Release|Any CPU.ActiveCfg = Release|Any CPU
		{FCE3D6AA-57AD-E13F-04F4-F78EB478B32A}.Release|Any CPU.Build.0 = Release|Any CPU
	EndGlobalSection
	GlobalSection(SolutionProperties) = preSolution
		HideSolutionNode = FALSE
	EndGlobalSection
EndGlobal
